
Microsoft Visual Studio Solution File, Format Version 12.00
# Visual Studio Version 17
VisualStudioVersion = 17.4.34202.201
MinimumVisualStudioVersion = 10.0.40219.1
Project("{FAE04EC0-301F-11D3-BF4B-00C04F79EFBC}") = "StringCompareSettingsLib", "StringCompareSettingsLib\StringCompareSettingsLib.csproj", "{ACC0BC21-9D85-4B97-B934-B9D3AC556630}"
EndProject
Global
	GlobalSection(SolutionConfigurationPlatforms) = preSolution
		Debug|Any CPU = Debug|Any CPU
		Release|Any CPU = Release|Any CPU
	EndGlobalSection
	GlobalSection(ProjectConfigurationPlatforms) = postSolution
		{ACC0BC21-9D85-4B97-B934-B9D3AC556630}.Debug|Any CPU.ActiveCfg = Debug|Any CPU
		{ACC0BC21-9D85-4B97-B934-B9D3AC556630}.Debug|Any CPU.Build.0 = Debug|Any CPU
		{ACC0BC21-9D85-4B97-B934-B9D3AC556630}.Release|Any CPU.ActiveCfg = Release|Any CPU
		{ACC0BC21-9D85-4B97-B934-B9D3AC556630}.Release|Any CPU.Build.0 = Release|Any CPU
	EndGlobalSection
	GlobalSection(SolutionProperties) = preSolution
		HideSolutionNode = FALSE
	EndGlobalSection
	GlobalSection(ExtensibilityGlobals) = postSolution
		SolutionGuid = {AB04AA85-4021-4B3E-BE7F-68BD037960DD}
	EndGlobalSection
EndGlobal
